
Microsoft Visual Studio Solution File, Format Version 12.00
# Visual Studio Version 17
VisualStudioVersion = 17.5.33516.290
MinimumVisualStudioVersion = 10.0.40219.1
Project("{FAE04EC0-301F-11D3-BF4B-00C04F79EFBC}") = "TestProject1", "TestProject1\TestProject1.csproj", "{76E7B408-24CA-4123-AC5C-69BE0E600742}"
EndProject
Global
	GlobalSection(SolutionConfigurationPlatforms) = preSolution
		Debug|Any CPU = Debug|Any CPU
		Release|Any CPU = Release|Any CPU
	EndGlobalSection
	GlobalSection(ProjectConfigurationPlatforms) = postSolution
		{76E7B408-24CA-4123-AC5C-69BE0E600742}.Debug|Any CPU.ActiveCfg = Debug|Any CPU
		{76E7B408-24CA-4123-AC5C-69BE0E600742}.Debug|Any CPU.Build.0 = Debug|Any CPU
		{76E7B408-24CA-4123-AC5C-69BE0E600742}.Release|Any CPU.ActiveCfg = Release|Any CPU
		{76E7B408-24CA-4123-AC5C-69BE0E600742}.Release|Any CPU.Build.0 = Release|Any CPU
	EndGlobalSection
	GlobalSection(SolutionProperties) = preSolution
		HideSolutionNode = FALSE
	EndGlobalSection
	GlobalSection(ExtensibilityGlobals) = postSolution
		SolutionGuid = {2247ED0D-F3CD-4F1D-B1BF-FFD3E32FCA09}
	EndGlobalSection
EndGlobal
